// !$*UTF8*$!
{
	archiveVersion = 1;
	classes = {
	};
	objectVersion = 46;
	objects = {

/* Begin PBXBuildFile section */
		0B5869BC1EF9309D00930A94 /* Logout.swift in Sources */ = {isa = PBXBuildFile; fileRef = 0B5869BB1EF9309D00930A94 /* Logout.swift */; };
		0B5869BE1EFA63A900930A94 /* ProviderService.swift in Sources */ = {isa = PBXBuildFile; fileRef = 0B5869BD1EFA63A900930A94 /* ProviderService.swift */; };
		0B972A981ED468A5001853CF /* AuthorizeMe.framework in Frameworks */ = {isa = PBXBuildFile; fileRef = 0B972A8E1ED468A4001853CF /* AuthorizeMe.framework */; };
		0B972A9D1ED468A5001853CF /* AuthorizeMeTests.swift in Sources */ = {isa = PBXBuildFile; fileRef = 0B972A9C1ED468A5001853CF /* AuthorizeMeTests.swift */; };
		0B972AA91ED46927001853CF /* AuthorizeMe.podspec in Resources */ = {isa = PBXBuildFile; fileRef = 0B972AA81ED46927001853CF /* AuthorizeMe.podspec */; };
		0BBF83B01EE99AEF0000782E /* Authorize.swift in Sources */ = {isa = PBXBuildFile; fileRef = 0BBF83801EE99AEF0000782E /* Authorize.swift */; };
		0BBF83B11EE99AEF0000782E /* ACAccountStore+Access.swift in Sources */ = {isa = PBXBuildFile; fileRef = 0BBF83831EE99AEF0000782E /* ACAccountStore+Access.swift */; };
		0BBF83B21EE99AEF0000782E /* Dictionary+Transforming.swift in Sources */ = {isa = PBXBuildFile; fileRef = 0BBF83841EE99AEF0000782E /* Dictionary+Transforming.swift */; };
		0BBF83B31EE99AEF0000782E /* SLRequest+Performing.swift in Sources */ = {isa = PBXBuildFile; fileRef = 0BBF83851EE99AEF0000782E /* SLRequest+Performing.swift */; };
		0BBF83B41EE99AEF0000782E /* String+Encoding.swift in Sources */ = {isa = PBXBuildFile; fileRef = 0BBF83861EE99AEF0000782E /* String+Encoding.swift */; };
		0BBF83B51EE99AEF0000782E /* String+Hashing.swift in Sources */ = {isa = PBXBuildFile; fileRef = 0BBF83871EE99AEF0000782E /* String+Hashing.swift */; };
		0BBF83B61EE99AEF0000782E /* String+Transforming.swift in Sources */ = {isa = PBXBuildFile; fileRef = 0BBF83881EE99AEF0000782E /* String+Transforming.swift */; };
		0BBF83B71EE99AEF0000782E /* UIViewController+Hierarchy.swift in Sources */ = {isa = PBXBuildFile; fileRef = 0BBF83891EE99AEF0000782E /* UIViewController+Hierarchy.swift */; };
		0BBF83B81EE99AEF0000782E /* URLRequest+OAuth.swift in Sources */ = {isa = PBXBuildFile; fileRef = 0BBF838A1EE99AEF0000782E /* URLRequest+OAuth.swift */; };
		0BBF83B91EE99AEF0000782E /* URLSession+Resuming.swift in Sources */ = {isa = PBXBuildFile; fileRef = 0BBF838B1EE99AEF0000782E /* URLSession+Resuming.swift */; };
		0BBF83BA1EE99AEF0000782E /* Extensible.swift in Sources */ = {isa = PBXBuildFile; fileRef = 0BBF838D1EE99AEF0000782E /* Extensible.swift */; };
		0BBF83BB1EE99AEF0000782E /* Providing.swift in Sources */ = {isa = PBXBuildFile; fileRef = 0BBF838E1EE99AEF0000782E /* Providing.swift */; };
		0BBF83BC1EE99AEF0000782E /* AlertService.swift in Sources */ = {isa = PBXBuildFile; fileRef = 0BBF83901EE99AEF0000782E /* AlertService.swift */; };
		0BBF83BD1EE99AEF0000782E /* CookieStorageService.swift in Sources */ = {isa = PBXBuildFile; fileRef = 0BBF83911EE99AEF0000782E /* CookieStorageService.swift */; };
		0BBF83BE1EE99AEF0000782E /* DebugService.swift in Sources */ = {isa = PBXBuildFile; fileRef = 0BBF83921EE99AEF0000782E /* DebugService.swift */; };
		0BBF83BF1EE99AEF0000782E /* UserAgentService.swift in Sources */ = {isa = PBXBuildFile; fileRef = 0BBF83931EE99AEF0000782E /* UserAgentService.swift */; };
		0BBF83C01EE99AEF0000782E /* WebRequestService.swift in Sources */ = {isa = PBXBuildFile; fileRef = 0BBF83941EE99AEF0000782E /* WebRequestService.swift */; };
		0BBF83C11EE99AEF0000782E /* ProviderController.swift in Sources */ = {isa = PBXBuildFile; fileRef = 0BBF83981EE99AEF0000782E /* ProviderController.swift */; };
		0BBF83C21EE99AEF0000782E /* AuthorizeError.swift in Sources */ = {isa = PBXBuildFile; fileRef = 0BBF839A1EE99AEF0000782E /* AuthorizeError.swift */; };
		0BBF83C31EE99AEF0000782E /* Session.swift in Sources */ = {isa = PBXBuildFile; fileRef = 0BBF839B1EE99AEF0000782E /* Session.swift */; };
		0BBF83C41EE99AEF0000782E /* User.swift in Sources */ = {isa = PBXBuildFile; fileRef = 0BBF839C1EE99AEF0000782E /* User.swift */; };
		0BBF83C51EE99AEF0000782E /* Provider.swift in Sources */ = {isa = PBXBuildFile; fileRef = 0BBF839D1EE99AEF0000782E /* Provider.swift */; };
		0BBF83C61EE99AEF0000782E /* FacebookProvider.swift in Sources */ = {isa = PBXBuildFile; fileRef = 0BBF83A01EE99AEF0000782E /* FacebookProvider.swift */; };
		0BBF83C71EE99AEF0000782E /* FacebookSystemProvider.swift in Sources */ = {isa = PBXBuildFile; fileRef = 0BBF83A11EE99AEF0000782E /* FacebookSystemProvider.swift */; };
		0BBF83C81EE99AEF0000782E /* FacebookWebProvider.swift in Sources */ = {isa = PBXBuildFile; fileRef = 0BBF83A21EE99AEF0000782E /* FacebookWebProvider.swift */; };
		0BBF83C91EE99AEF0000782E /* GoogleProvider.swift in Sources */ = {isa = PBXBuildFile; fileRef = 0BBF83A41EE99AEF0000782E /* GoogleProvider.swift */; };
		0BBF83CA1EE99AEF0000782E /* GoogleWebProvider.swift in Sources */ = {isa = PBXBuildFile; fileRef = 0BBF83A51EE99AEF0000782E /* GoogleWebProvider.swift */; };
		0BBF83CB1EE99AEF0000782E /* InstagramProvider.swift in Sources */ = {isa = PBXBuildFile; fileRef = 0BBF83A71EE99AEF0000782E /* InstagramProvider.swift */; };
		0BBF83CC1EE99AEF0000782E /* InstagramWebProvider.swift in Sources */ = {isa = PBXBuildFile; fileRef = 0BBF83A81EE99AEF0000782E /* InstagramWebProvider.swift */; };
		0BBF83CD1EE99AEF0000782E /* LinkedInProvider.swift in Sources */ = {isa = PBXBuildFile; fileRef = 0BBF83AA1EE99AEF0000782E /* LinkedInProvider.swift */; };
		0BBF83CE1EE99AEF0000782E /* LinkedInWebProvider.swift in Sources */ = {isa = PBXBuildFile; fileRef = 0BBF83AB1EE99AEF0000782E /* LinkedInWebProvider.swift */; };
		0BBF83CF1EE99AEF0000782E /* TwitterProvider.swift in Sources */ = {isa = PBXBuildFile; fileRef = 0BBF83AD1EE99AEF0000782E /* TwitterProvider.swift */; };
		0BBF83D01EE99AEF0000782E /* TwitterSystemProvider.swift in Sources */ = {isa = PBXBuildFile; fileRef = 0BBF83AE1EE99AEF0000782E /* TwitterSystemProvider.swift */; };
		0BBF83D11EE99AEF0000782E /* TwitterWebProvider.swift in Sources */ = {isa = PBXBuildFile; fileRef = 0BBF83AF1EE99AEF0000782E /* TwitterWebProvider.swift */; };
/* End PBXBuildFile section */

/* Begin PBXContainerItemProxy section */
		0B972A991ED468A5001853CF /* PBXContainerItemProxy */ = {
			isa = PBXContainerItemProxy;
			containerPortal = 0B972A851ED468A4001853CF /* Project object */;
			proxyType = 1;
			remoteGlobalIDString = 0B972A8D1ED468A4001853CF;
			remoteInfo = AuthorizeMe;
		};
/* End PBXContainerItemProxy section */

/* Begin PBXFileReference section */
		0B5869BB1EF9309D00930A94 /* Logout.swift */ = {isa = PBXFileReference; lastKnownFileType = sourcecode.swift; path = Logout.swift; sourceTree = "<group>"; };
		0B5869BD1EFA63A900930A94 /* ProviderService.swift */ = {isa = PBXFileReference; lastKnownFileType = sourcecode.swift; path = ProviderService.swift; sourceTree = "<group>"; };
		0B972A8E1ED468A4001853CF /* AuthorizeMe.framework */ = {isa = PBXFileReference; explicitFileType = wrapper.framework; includeInIndex = 0; path = AuthorizeMe.framework; sourceTree = BUILT_PRODUCTS_DIR; };
		0B972A921ED468A4001853CF /* Info.plist */ = {isa = PBXFileReference; lastKnownFileType = text.plist.xml; path = Info.plist; sourceTree = "<group>"; };
		0B972A971ED468A5001853CF /* AuthorizeMeTests.xctest */ = {isa = PBXFileReference; explicitFileType = wrapper.cfbundle; includeInIndex = 0; path = AuthorizeMeTests.xctest; sourceTree = BUILT_PRODUCTS_DIR; };
		0B972A9C1ED468A5001853CF /* AuthorizeMeTests.swift */ = {isa = PBXFileReference; lastKnownFileType = sourcecode.swift; path = AuthorizeMeTests.swift; sourceTree = "<group>"; };
		0B972A9E1ED468A5001853CF /* Info.plist */ = {isa = PBXFileReference; lastKnownFileType = text.plist.xml; path = Info.plist; sourceTree = "<group>"; };
		0B972AA81ED46927001853CF /* AuthorizeMe.podspec */ = {isa = PBXFileReference; fileEncoding = 4; lastKnownFileType = text; path = AuthorizeMe.podspec; sourceTree = "<group>"; };
		0BBF83801EE99AEF0000782E /* Authorize.swift */ = {isa = PBXFileReference; fileEncoding = 4; lastKnownFileType = sourcecode.swift; path = Authorize.swift; sourceTree = "<group>"; };
		0BBF83831EE99AEF0000782E /* ACAccountStore+Access.swift */ = {isa = PBXFileReference; fileEncoding = 4; lastKnownFileType = sourcecode.swift; path = "ACAccountStore+Access.swift"; sourceTree = "<group>"; };
		0BBF83841EE99AEF0000782E /* Dictionary+Transforming.swift */ = {isa = PBXFileReference; fileEncoding = 4; lastKnownFileType = sourcecode.swift; path = "Dictionary+Transforming.swift"; sourceTree = "<group>"; };
		0BBF83851EE99AEF0000782E /* SLRequest+Performing.swift */ = {isa = PBXFileReference; fileEncoding = 4; lastKnownFileType = sourcecode.swift; path = "SLRequest+Performing.swift"; sourceTree = "<group>"; };
		0BBF83861EE99AEF0000782E /* String+Encoding.swift */ = {isa = PBXFileReference; fileEncoding = 4; lastKnownFileType = sourcecode.swift; path = "String+Encoding.swift"; sourceTree = "<group>"; };
		0BBF83871EE99AEF0000782E /* String+Hashing.swift */ = {isa = PBXFileReference; fileEncoding = 4; lastKnownFileType = sourcecode.swift; path = "String+Hashing.swift"; sourceTree = "<group>"; };
		0BBF83881EE99AEF0000782E /* String+Transforming.swift */ = {isa = PBXFileReference; fileEncoding = 4; lastKnownFileType = sourcecode.swift; path = "String+Transforming.swift"; sourceTree = "<group>"; };
		0BBF83891EE99AEF0000782E /* UIViewController+Hierarchy.swift */ = {isa = PBXFileReference; fileEncoding = 4; lastKnownFileType = sourcecode.swift; path = "UIViewController+Hierarchy.swift"; sourceTree = "<group>"; };
		0BBF838A1EE99AEF0000782E /* URLRequest+OAuth.swift */ = {isa = PBXFileReference; fileEncoding = 4; lastKnownFileType = sourcecode.swift; path = "URLRequest+OAuth.swift"; sourceTree = "<group>"; };
		0BBF838B1EE99AEF0000782E /* URLSession+Resuming.swift */ = {isa = PBXFileReference; fileEncoding = 4; lastKnownFileType = sourcecode.swift; path = "URLSession+Resuming.swift"; sourceTree = "<group>"; };
		0BBF838D1EE99AEF0000782E /* Extensible.swift */ = {isa = PBXFileReference; fileEncoding = 4; lastKnownFileType = sourcecode.swift; path = Extensible.swift; sourceTree = "<group>"; };
		0BBF838E1EE99AEF0000782E /* Providing.swift */ = {isa = PBXFileReference; fileEncoding = 4; lastKnownFileType = sourcecode.swift; path = Providing.swift; sourceTree = "<group>"; };
		0BBF83901EE99AEF0000782E /* AlertService.swift */ = {isa = PBXFileReference; fileEncoding = 4; lastKnownFileType = sourcecode.swift; path = AlertService.swift; sourceTree = "<group>"; };
		0BBF83911EE99AEF0000782E /* CookieStorageService.swift */ = {isa = PBXFileReference; fileEncoding = 4; lastKnownFileType = sourcecode.swift; path = CookieStorageService.swift; sourceTree = "<group>"; };
		0BBF83921EE99AEF0000782E /* DebugService.swift */ = {isa = PBXFileReference; fileEncoding = 4; lastKnownFileType = sourcecode.swift; path = DebugService.swift; sourceTree = "<group>"; };
		0BBF83931EE99AEF0000782E /* UserAgentService.swift */ = {isa = PBXFileReference; fileEncoding = 4; lastKnownFileType = sourcecode.swift; path = UserAgentService.swift; sourceTree = "<group>"; };
		0BBF83941EE99AEF0000782E /* WebRequestService.swift */ = {isa = PBXFileReference; fileEncoding = 4; lastKnownFileType = sourcecode.swift; path = WebRequestService.swift; sourceTree = "<group>"; };
		0BBF83961EE99AEF0000782E /* module.modulemap */ = {isa = PBXFileReference; fileEncoding = 4; lastKnownFileType = "sourcecode.module-map"; path = module.modulemap; sourceTree = "<group>"; };
		0BBF83981EE99AEF0000782E /* ProviderController.swift */ = {isa = PBXFileReference; fileEncoding = 4; lastKnownFileType = sourcecode.swift; path = ProviderController.swift; sourceTree = "<group>"; };
		0BBF839A1EE99AEF0000782E /* AuthorizeError.swift */ = {isa = PBXFileReference; fileEncoding = 4; lastKnownFileType = sourcecode.swift; path = AuthorizeError.swift; sourceTree = "<group>"; };
		0BBF839B1EE99AEF0000782E /* Session.swift */ = {isa = PBXFileReference; fileEncoding = 4; lastKnownFileType = sourcecode.swift; path = Session.swift; sourceTree = "<group>"; };
		0BBF839C1EE99AEF0000782E /* User.swift */ = {isa = PBXFileReference; fileEncoding = 4; lastKnownFileType = sourcecode.swift; path = User.swift; sourceTree = "<group>"; };
		0BBF839D1EE99AEF0000782E /* Provider.swift */ = {isa = PBXFileReference; fileEncoding = 4; lastKnownFileType = sourcecode.swift; path = Provider.swift; sourceTree = "<group>"; };
		0BBF83A01EE99AEF0000782E /* FacebookProvider.swift */ = {isa = PBXFileReference; fileEncoding = 4; lastKnownFileType = sourcecode.swift; path = FacebookProvider.swift; sourceTree = "<group>"; };
		0BBF83A11EE99AEF0000782E /* FacebookSystemProvider.swift */ = {isa = PBXFileReference; fileEncoding = 4; lastKnownFileType = sourcecode.swift; path = FacebookSystemProvider.swift; sourceTree = "<group>"; };
		0BBF83A21EE99AEF0000782E /* FacebookWebProvider.swift */ = {isa = PBXFileReference; fileEncoding = 4; lastKnownFileType = sourcecode.swift; path = FacebookWebProvider.swift; sourceTree = "<group>"; };
		0BBF83A41EE99AEF0000782E /* GoogleProvider.swift */ = {isa = PBXFileReference; fileEncoding = 4; lastKnownFileType = sourcecode.swift; path = GoogleProvider.swift; sourceTree = "<group>"; };
		0BBF83A51EE99AEF0000782E /* GoogleWebProvider.swift */ = {isa = PBXFileReference; fileEncoding = 4; lastKnownFileType = sourcecode.swift; path = GoogleWebProvider.swift; sourceTree = "<group>"; };
		0BBF83A71EE99AEF0000782E /* InstagramProvider.swift */ = {isa = PBXFileReference; fileEncoding = 4; lastKnownFileType = sourcecode.swift; path = InstagramProvider.swift; sourceTree = "<group>"; };
		0BBF83A81EE99AEF0000782E /* InstagramWebProvider.swift */ = {isa = PBXFileReference; fileEncoding = 4; lastKnownFileType = sourcecode.swift; path = InstagramWebProvider.swift; sourceTree = "<group>"; };
		0BBF83AA1EE99AEF0000782E /* LinkedInProvider.swift */ = {isa = PBXFileReference; fileEncoding = 4; lastKnownFileType = sourcecode.swift; path = LinkedInProvider.swift; sourceTree = "<group>"; };
		0BBF83AB1EE99AEF0000782E /* LinkedInWebProvider.swift */ = {isa = PBXFileReference; fileEncoding = 4; lastKnownFileType = sourcecode.swift; path = LinkedInWebProvider.swift; sourceTree = "<group>"; };
		0BBF83AD1EE99AEF0000782E /* TwitterProvider.swift */ = {isa = PBXFileReference; fileEncoding = 4; lastKnownFileType = sourcecode.swift; path = TwitterProvider.swift; sourceTree = "<group>"; };
		0BBF83AE1EE99AEF0000782E /* TwitterSystemProvider.swift */ = {isa = PBXFileReference; fileEncoding = 4; lastKnownFileType = sourcecode.swift; path = TwitterSystemProvider.swift; sourceTree = "<group>"; };
		0BBF83AF1EE99AEF0000782E /* TwitterWebProvider.swift */ = {isa = PBXFileReference; fileEncoding = 4; lastKnownFileType = sourcecode.swift; path = TwitterWebProvider.swift; sourceTree = "<group>"; };
/* End PBXFileReference section */

/* Begin PBXFrameworksBuildPhase section */
		0B972A8A1ED468A4001853CF /* Frameworks */ = {
			isa = PBXFrameworksBuildPhase;
			buildActionMask = 2147483647;
			files = (
			);
			runOnlyForDeploymentPostprocessing = 0;
		};
		0B972A941ED468A5001853CF /* Frameworks */ = {
			isa = PBXFrameworksBuildPhase;
			buildActionMask = 2147483647;
			files = (
				0B972A981ED468A5001853CF /* AuthorizeMe.framework in Frameworks */,
			);
			runOnlyForDeploymentPostprocessing = 0;
		};
/* End PBXFrameworksBuildPhase section */

/* Begin PBXGroup section */
		0B972A841ED468A4001853CF = {
			isa = PBXGroup;
			children = (
				0B972AA81ED46927001853CF /* AuthorizeMe.podspec */,
				0B972A901ED468A4001853CF /* AuthorizeMe */,
				0BBF837F1EE99AEF0000782E /* Core */,
				0BBF839E1EE99AEF0000782E /* Providers */,
				0B972A9B1ED468A5001853CF /* AuthorizeMeTests */,
				0B972A8F1ED468A4001853CF /* Products */,
			);
			sourceTree = "<group>";
		};
		0B972A8F1ED468A4001853CF /* Products */ = {
			isa = PBXGroup;
			children = (
				0B972A8E1ED468A4001853CF /* AuthorizeMe.framework */,
				0B972A971ED468A5001853CF /* AuthorizeMeTests.xctest */,
			);
			name = Products;
			sourceTree = "<group>";
		};
		0B972A901ED468A4001853CF /* AuthorizeMe */ = {
			isa = PBXGroup;
			children = (
				0B972A921ED468A4001853CF /* Info.plist */,
			);
			path = AuthorizeMe;
			sourceTree = "<group>";
		};
		0B972A9B1ED468A5001853CF /* AuthorizeMeTests */ = {
			isa = PBXGroup;
			children = (
				0B972A9C1ED468A5001853CF /* AuthorizeMeTests.swift */,
				0B972A9E1ED468A5001853CF /* Info.plist */,
			);
			path = AuthorizeMeTests;
			sourceTree = "<group>";
		};
		0BBF837F1EE99AEF0000782E /* Core */ = {
			isa = PBXGroup;
			children = (
				0BBF83801EE99AEF0000782E /* Authorize.swift */,
				0B5869BB1EF9309D00930A94 /* Logout.swift */,
				0BBF839D1EE99AEF0000782E /* Provider.swift */,
				0BBF83951EE99AEF0000782E /* CommonCrypto */,
				0BBF83811EE99AEF0000782E /* Common */,
				0BBF83991EE99AEF0000782E /* Models */,
				0BBF83971EE99AEF0000782E /* Controllers */,
			);
			path = Core;
			sourceTree = "<group>";
		};
		0BBF83811EE99AEF0000782E /* Common */ = {
			isa = PBXGroup;
			children = (
				0BBF83821EE99AEF0000782E /* Extensions */,
				0BBF838C1EE99AEF0000782E /* Protocols */,
				0BBF838F1EE99AEF0000782E /* Services */,
			);
			path = Common;
			sourceTree = "<group>";
		};
		0BBF83821EE99AEF0000782E /* Extensions */ = {
			isa = PBXGroup;
			children = (
				0BBF83861EE99AEF0000782E /* String+Encoding.swift */,
				0BBF83881EE99AEF0000782E /* String+Transforming.swift */,
				0BBF83871EE99AEF0000782E /* String+Hashing.swift */,
				0BBF83841EE99AEF0000782E /* Dictionary+Transforming.swift */,
				0BBF838A1EE99AEF0000782E /* URLRequest+OAuth.swift */,
				0BBF838B1EE99AEF0000782E /* URLSession+Resuming.swift */,
				0BBF83831EE99AEF0000782E /* ACAccountStore+Access.swift */,
				0BBF83851EE99AEF0000782E /* SLRequest+Performing.swift */,
				0BBF83891EE99AEF0000782E /* UIViewController+Hierarchy.swift */,
			);
			path = Extensions;
			sourceTree = "<group>";
		};
		0BBF838C1EE99AEF0000782E /* Protocols */ = {
			isa = PBXGroup;
			children = (
				0BBF838D1EE99AEF0000782E /* Extensible.swift */,
				0BBF838E1EE99AEF0000782E /* Providing.swift */,
			);
			path = Protocols;
			sourceTree = "<group>";
		};
		0BBF838F1EE99AEF0000782E /* Services */ = {
			isa = PBXGroup;
			children = (
				0BBF83901EE99AEF0000782E /* AlertService.swift */,
				0BBF83941EE99AEF0000782E /* WebRequestService.swift */,
				0BBF83921EE99AEF0000782E /* DebugService.swift */,
				0BBF83931EE99AEF0000782E /* UserAgentService.swift */,
				0BBF83911EE99AEF0000782E /* CookieStorageService.swift */,
				0B5869BD1EFA63A900930A94 /* ProviderService.swift */,
			);
			path = Services;
			sourceTree = "<group>";
		};
		0BBF83951EE99AEF0000782E /* CommonCrypto */ = {
			isa = PBXGroup;
			children = (
				0BBF83961EE99AEF0000782E /* module.modulemap */,
			);
			path = CommonCrypto;
			sourceTree = "<group>";
		};
		0BBF83971EE99AEF0000782E /* Controllers */ = {
			isa = PBXGroup;
			children = (
				0BBF83981EE99AEF0000782E /* ProviderController.swift */,
			);
			path = Controllers;
			sourceTree = "<group>";
		};
		0BBF83991EE99AEF0000782E /* Models */ = {
			isa = PBXGroup;
			children = (
				0BBF839A1EE99AEF0000782E /* AuthorizeError.swift */,
				0BBF839C1EE99AEF0000782E /* User.swift */,
				0BBF839B1EE99AEF0000782E /* Session.swift */,
			);
			path = Models;
			sourceTree = "<group>";
		};
		0BBF839E1EE99AEF0000782E /* Providers */ = {
			isa = PBXGroup;
			children = (
				0BBF839F1EE99AEF0000782E /* Facebook */,
				0BBF83AC1EE99AEF0000782E /* Twitter */,
				0BBF83A31EE99AEF0000782E /* Google */,
				0BBF83A61EE99AEF0000782E /* Instagram */,
				0BBF83A91EE99AEF0000782E /* LinkedIn */,
			);
			path = Providers;
			sourceTree = "<group>";
		};
		0BBF839F1EE99AEF0000782E /* Facebook */ = {
			isa = PBXGroup;
			children = (
				0BBF83A01EE99AEF0000782E /* FacebookProvider.swift */,
				0BBF83A11EE99AEF0000782E /* FacebookSystemProvider.swift */,
				0BBF83A21EE99AEF0000782E /* FacebookWebProvider.swift */,
			);
			path = Facebook;
			sourceTree = "<group>";
		};
		0BBF83A31EE99AEF0000782E /* Google */ = {
			isa = PBXGroup;
			children = (
				0BBF83A41EE99AEF0000782E /* GoogleProvider.swift */,
				0BBF83A51EE99AEF0000782E /* GoogleWebProvider.swift */,
			);
			path = Google;
			sourceTree = "<group>";
		};
		0BBF83A61EE99AEF0000782E /* Instagram */ = {
			isa = PBXGroup;
			children = (
				0BBF83A71EE99AEF0000782E /* InstagramProvider.swift */,
				0BBF83A81EE99AEF0000782E /* InstagramWebProvider.swift */,
			);
			path = Instagram;
			sourceTree = "<group>";
		};
		0BBF83A91EE99AEF0000782E /* LinkedIn */ = {
			isa = PBXGroup;
			children = (
				0BBF83AA1EE99AEF0000782E /* LinkedInProvider.swift */,
				0BBF83AB1EE99AEF0000782E /* LinkedInWebProvider.swift */,
			);
			path = LinkedIn;
			sourceTree = "<group>";
		};
		0BBF83AC1EE99AEF0000782E /* Twitter */ = {
			isa = PBXGroup;
			children = (
				0BBF83AD1EE99AEF0000782E /* TwitterProvider.swift */,
				0BBF83AE1EE99AEF0000782E /* TwitterSystemProvider.swift */,
				0BBF83AF1EE99AEF0000782E /* TwitterWebProvider.swift */,
			);
			path = Twitter;
			sourceTree = "<group>";
		};
/* End PBXGroup section */

/* Begin PBXHeadersBuildPhase section */
		0B972A8B1ED468A4001853CF /* Headers */ = {
			isa = PBXHeadersBuildPhase;
			buildActionMask = 2147483647;
			files = (
			);
			runOnlyForDeploymentPostprocessing = 0;
		};
/* End PBXHeadersBuildPhase section */

/* Begin PBXNativeTarget section */
		0B972A8D1ED468A4001853CF /* AuthorizeMe */ = {
			isa = PBXNativeTarget;
			buildConfigurationList = 0B972AA21ED468A5001853CF /* Build configuration list for PBXNativeTarget "AuthorizeMe" */;
			buildPhases = (
				0B972A891ED468A4001853CF /* Sources */,
				0B972A8A1ED468A4001853CF /* Frameworks */,
				0B972A8B1ED468A4001853CF /* Headers */,
				0B972A8C1ED468A4001853CF /* Resources */,
			);
			buildRules = (
			);
			dependencies = (
			);
			name = AuthorizeMe;
			productName = AuthorizeMe;
			productReference = 0B972A8E1ED468A4001853CF /* AuthorizeMe.framework */;
			productType = "com.apple.product-type.framework";
		};
		0B972A961ED468A5001853CF /* AuthorizeMeTests */ = {
			isa = PBXNativeTarget;
			buildConfigurationList = 0B972AA51ED468A5001853CF /* Build configuration list for PBXNativeTarget "AuthorizeMeTests" */;
			buildPhases = (
				0B972A931ED468A5001853CF /* Sources */,
				0B972A941ED468A5001853CF /* Frameworks */,
				0B972A951ED468A5001853CF /* Resources */,
			);
			buildRules = (
			);
			dependencies = (
				0B972A9A1ED468A5001853CF /* PBXTargetDependency */,
			);
			name = AuthorizeMeTests;
			productName = AuthorizeMeTests;
			productReference = 0B972A971ED468A5001853CF /* AuthorizeMeTests.xctest */;
			productType = "com.apple.product-type.bundle.unit-test";
		};
/* End PBXNativeTarget section */

/* Begin PBXProject section */
		0B972A851ED468A4001853CF /* Project object */ = {
			isa = PBXProject;
			attributes = {
				LastSwiftUpdateCheck = 0830;
				LastUpgradeCheck = 0920;
				ORGANIZATIONNAME = RubyGarage;
				TargetAttributes = {
					0B972A8D1ED468A4001853CF = {
						CreatedOnToolsVersion = 8.3.2;
						DevelopmentTeam = K2WTD52A5C;
						ProvisioningStyle = Automatic;
					};
					0B972A961ED468A5001853CF = {
						CreatedOnToolsVersion = 8.3.2;
						DevelopmentTeam = K2WTD52A5C;
						ProvisioningStyle = Automatic;
					};
				};
			};
			buildConfigurationList = 0B972A881ED468A4001853CF /* Build configuration list for PBXProject "AuthorizeMe" */;
			compatibilityVersion = "Xcode 3.2";
			developmentRegion = English;
			hasScannedForEncodings = 0;
			knownRegions = (
				en,
			);
			mainGroup = 0B972A841ED468A4001853CF;
			productRefGroup = 0B972A8F1ED468A4001853CF /* Products */;
			projectDirPath = "";
			projectRoot = "";
			targets = (
				0B972A8D1ED468A4001853CF /* AuthorizeMe */,
				0B972A961ED468A5001853CF /* AuthorizeMeTests */,
			);
		};
/* End PBXProject section */

/* Begin PBXResourcesBuildPhase section */
		0B972A8C1ED468A4001853CF /* Resources */ = {
			isa = PBXResourcesBuildPhase;
			buildActionMask = 2147483647;
			files = (
				0B972AA91ED46927001853CF /* AuthorizeMe.podspec in Resources */,
			);
			runOnlyForDeploymentPostprocessing = 0;
		};
		0B972A951ED468A5001853CF /* Resources */ = {
			isa = PBXResourcesBuildPhase;
			buildActionMask = 2147483647;
			files = (
			);
			runOnlyForDeploymentPostprocessing = 0;
		};
/* End PBXResourcesBuildPhase section */

/* Begin PBXSourcesBuildPhase section */
		0B972A891ED468A4001853CF /* Sources */ = {
			isa = PBXSourcesBuildPhase;
			buildActionMask = 2147483647;
			files = (
				0BBF83C31EE99AEF0000782E /* Session.swift in Sources */,
				0BBF83C71EE99AEF0000782E /* FacebookSystemProvider.swift in Sources */,
				0BBF83BF1EE99AEF0000782E /* UserAgentService.swift in Sources */,
				0BBF83BB1EE99AEF0000782E /* Providing.swift in Sources */,
				0BBF83BC1EE99AEF0000782E /* AlertService.swift in Sources */,
				0BBF83C61EE99AEF0000782E /* FacebookProvider.swift in Sources */,
				0BBF83B01EE99AEF0000782E /* Authorize.swift in Sources */,
				0BBF83C91EE99AEF0000782E /* GoogleProvider.swift in Sources */,
				0BBF83B41EE99AEF0000782E /* String+Encoding.swift in Sources */,
				0BBF83B31EE99AEF0000782E /* SLRequest+Performing.swift in Sources */,
				0BBF83B61EE99AEF0000782E /* String+Transforming.swift in Sources */,
				0BBF83B71EE99AEF0000782E /* UIViewController+Hierarchy.swift in Sources */,
				0BBF83CD1EE99AEF0000782E /* LinkedInProvider.swift in Sources */,
				0B5869BC1EF9309D00930A94 /* Logout.swift in Sources */,
				0BBF83D01EE99AEF0000782E /* TwitterSystemProvider.swift in Sources */,
				0BBF83C11EE99AEF0000782E /* ProviderController.swift in Sources */,
				0BBF83CF1EE99AEF0000782E /* TwitterProvider.swift in Sources */,
				0BBF83BD1EE99AEF0000782E /* CookieStorageService.swift in Sources */,
				0BBF83CE1EE99AEF0000782E /* LinkedInWebProvider.swift in Sources */,
				0BBF83B51EE99AEF0000782E /* String+Hashing.swift in Sources */,
				0BBF83BA1EE99AEF0000782E /* Extensible.swift in Sources */,
				0BBF83C01EE99AEF0000782E /* WebRequestService.swift in Sources */,
				0BBF83BE1EE99AEF0000782E /* DebugService.swift in Sources */,
				0BBF83C81EE99AEF0000782E /* FacebookWebProvider.swift in Sources */,
				0BBF83CB1EE99AEF0000782E /* InstagramProvider.swift in Sources */,
				0BBF83C21EE99AEF0000782E /* AuthorizeError.swift in Sources */,
				0BBF83D11EE99AEF0000782E /* TwitterWebProvider.swift in Sources */,
				0BBF83B81EE99AEF0000782E /* URLRequest+OAuth.swift in Sources */,
				0B5869BE1EFA63A900930A94 /* ProviderService.swift in Sources */,
				0BBF83B11EE99AEF0000782E /* ACAccountStore+Access.swift in Sources */,
				0BBF83C51EE99AEF0000782E /* Provider.swift in Sources */,
				0BBF83B91EE99AEF0000782E /* URLSession+Resuming.swift in Sources */,
				0BBF83B21EE99AEF0000782E /* Dictionary+Transforming.swift in Sources */,
				0BBF83CA1EE99AEF0000782E /* GoogleWebProvider.swift in Sources */,
				0BBF83CC1EE99AEF0000782E /* InstagramWebProvider.swift in Sources */,
				0BBF83C41EE99AEF0000782E /* User.swift in Sources */,
			);
			runOnlyForDeploymentPostprocessing = 0;
		};
		0B972A931ED468A5001853CF /* Sources */ = {
			isa = PBXSourcesBuildPhase;
			buildActionMask = 2147483647;
			files = (
				0B972A9D1ED468A5001853CF /* AuthorizeMeTests.swift in Sources */,
			);
			runOnlyForDeploymentPostprocessing = 0;
		};
/* End PBXSourcesBuildPhase section */

/* Begin PBXTargetDependency section */
		0B972A9A1ED468A5001853CF /* PBXTargetDependency */ = {
			isa = PBXTargetDependency;
			target = 0B972A8D1ED468A4001853CF /* AuthorizeMe */;
			targetProxy = 0B972A991ED468A5001853CF /* PBXContainerItemProxy */;
		};
/* End PBXTargetDependency section */

/* Begin XCBuildConfiguration section */
		0B972AA01ED468A5001853CF /* Debug */ = {
			isa = XCBuildConfiguration;
			buildSettings = {
				ALWAYS_SEARCH_USER_PATHS = NO;
				CLANG_ANALYZER_NONNULL = YES;
				CLANG_ANALYZER_NUMBER_OBJECT_CONVERSION = YES_AGGRESSIVE;
				CLANG_CXX_LANGUAGE_STANDARD = "gnu++0x";
				CLANG_CXX_LIBRARY = "libc++";
				CLANG_ENABLE_MODULES = YES;
				CLANG_ENABLE_OBJC_ARC = YES;
				CLANG_WARN_BLOCK_CAPTURE_AUTORELEASING = YES;
				CLANG_WARN_BOOL_CONVERSION = YES;
				CLANG_WARN_COMMA = YES;
				CLANG_WARN_CONSTANT_CONVERSION = YES;
				CLANG_WARN_DIRECT_OBJC_ISA_USAGE = YES_ERROR;
				CLANG_WARN_DOCUMENTATION_COMMENTS = YES;
				CLANG_WARN_EMPTY_BODY = YES;
				CLANG_WARN_ENUM_CONVERSION = YES;
				CLANG_WARN_INFINITE_RECURSION = YES;
				CLANG_WARN_INT_CONVERSION = YES;
				CLANG_WARN_NON_LITERAL_NULL_CONVERSION = YES;
				CLANG_WARN_OBJC_LITERAL_CONVERSION = YES;
				CLANG_WARN_OBJC_ROOT_CLASS = YES_ERROR;
				CLANG_WARN_RANGE_LOOP_ANALYSIS = YES;
				CLANG_WARN_STRICT_PROTOTYPES = YES;
				CLANG_WARN_SUSPICIOUS_MOVE = YES;
				CLANG_WARN_UNREACHABLE_CODE = YES;
				CLANG_WARN__DUPLICATE_METHOD_MATCH = YES;
				"CODE_SIGN_IDENTITY[sdk=iphoneos*]" = "iPhone Developer";
				COPY_PHASE_STRIP = NO;
				CURRENT_PROJECT_VERSION = 1;
				DEBUG_INFORMATION_FORMAT = dwarf;
				ENABLE_STRICT_OBJC_MSGSEND = YES;
				ENABLE_TESTABILITY = YES;
				GCC_C_LANGUAGE_STANDARD = gnu99;
				GCC_DYNAMIC_NO_PIC = NO;
				GCC_NO_COMMON_BLOCKS = YES;
				GCC_OPTIMIZATION_LEVEL = 0;
				GCC_PREPROCESSOR_DEFINITIONS = (
					"DEBUG=1",
					"$(inherited)",
				);
				GCC_WARN_64_TO_32_BIT_CONVERSION = YES;
				GCC_WARN_ABOUT_RETURN_TYPE = YES_ERROR;
				GCC_WARN_UNDECLARED_SELECTOR = YES;
				GCC_WARN_UNINITIALIZED_AUTOS = YES_AGGRESSIVE;
				GCC_WARN_UNUSED_FUNCTION = YES;
				GCC_WARN_UNUSED_VARIABLE = YES;
				IPHONEOS_DEPLOYMENT_TARGET = 10.0;
				MTL_ENABLE_DEBUG_INFO = YES;
				ONLY_ACTIVE_ARCH = YES;
				SDKROOT = iphoneos;
				SWIFT_ACTIVE_COMPILATION_CONDITIONS = DEBUG;
				SWIFT_OPTIMIZATION_LEVEL = "-Onone";
				TARGETED_DEVICE_FAMILY = "1,2";
				VERSIONING_SYSTEM = "apple-generic";
				VERSION_INFO_PREFIX = "";
			};
			name = Debug;
		};
		0B972AA11ED468A5001853CF /* Release */ = {
			isa = XCBuildConfiguration;
			buildSettings = {
				ALWAYS_SEARCH_USER_PATHS = NO;
				CLANG_ANALYZER_NONNULL = YES;
				CLANG_ANALYZER_NUMBER_OBJECT_CONVERSION = YES_AGGRESSIVE;
				CLANG_CXX_LANGUAGE_STANDARD = "gnu++0x";
				CLANG_CXX_LIBRARY = "libc++";
				CLANG_ENABLE_MODULES = YES;
				CLANG_ENABLE_OBJC_ARC = YES;
				CLANG_WARN_BLOCK_CAPTURE_AUTORELEASING = YES;
				CLANG_WARN_BOOL_CONVERSION = YES;
				CLANG_WARN_COMMA = YES;
				CLANG_WARN_CONSTANT_CONVERSION = YES;
				CLANG_WARN_DIRECT_OBJC_ISA_USAGE = YES_ERROR;
				CLANG_WARN_DOCUMENTATION_COMMENTS = YES;
				CLANG_WARN_EMPTY_BODY = YES;
				CLANG_WARN_ENUM_CONVERSION = YES;
				CLANG_WARN_INFINITE_RECURSION = YES;
				CLANG_WARN_INT_CONVERSION = YES;
				CLANG_WARN_NON_LITERAL_NULL_CONVERSION = YES;
				CLANG_WARN_OBJC_LITERAL_CONVERSION = YES;
				CLANG_WARN_OBJC_ROOT_CLASS = YES_ERROR;
				CLANG_WARN_RANGE_LOOP_ANALYSIS = YES;
				CLANG_WARN_STRICT_PROTOTYPES = YES;
				CLANG_WARN_SUSPICIOUS_MOVE = YES;
				CLANG_WARN_UNREACHABLE_CODE = YES;
				CLANG_WARN__DUPLICATE_METHOD_MATCH = YES;
				"CODE_SIGN_IDENTITY[sdk=iphoneos*]" = "iPhone Developer";
				COPY_PHASE_STRIP = NO;
				CURRENT_PROJECT_VERSION = 1;
				DEBUG_INFORMATION_FORMAT = "dwarf-with-dsym";
				ENABLE_NS_ASSERTIONS = NO;
				ENABLE_STRICT_OBJC_MSGSEND = YES;
				GCC_C_LANGUAGE_STANDARD = gnu99;
				GCC_NO_COMMON_BLOCKS = YES;
				GCC_WARN_64_TO_32_BIT_CONVERSION = YES;
				GCC_WARN_ABOUT_RETURN_TYPE = YES_ERROR;
				GCC_WARN_UNDECLARED_SELECTOR = YES;
				GCC_WARN_UNINITIALIZED_AUTOS = YES_AGGRESSIVE;
				GCC_WARN_UNUSED_FUNCTION = YES;
				GCC_WARN_UNUSED_VARIABLE = YES;
				IPHONEOS_DEPLOYMENT_TARGET = 10.0;
				MTL_ENABLE_DEBUG_INFO = NO;
				SDKROOT = iphoneos;
				SWIFT_OPTIMIZATION_LEVEL = "-Owholemodule";
				TARGETED_DEVICE_FAMILY = "1,2";
				VALIDATE_PRODUCT = YES;
				VERSIONING_SYSTEM = "apple-generic";
				VERSION_INFO_PREFIX = "";
			};
			name = Release;
		};
		0B972AA31ED468A5001853CF /* Debug */ = {
			isa = XCBuildConfiguration;
			buildSettings = {
				CODE_SIGN_IDENTITY = "";
				DEFINES_MODULE = YES;
				DEVELOPMENT_TEAM = K2WTD52A5C;
				DYLIB_COMPATIBILITY_VERSION = 1;
				DYLIB_CURRENT_VERSION = 1;
				DYLIB_INSTALL_NAME_BASE = "@rpath";
				INFOPLIST_FILE = AuthorizeMe/Info.plist;
				INSTALL_PATH = "$(LOCAL_LIBRARY_DIR)/Frameworks";
				IPHONEOS_DEPLOYMENT_TARGET = 10.0;
				LD_RUNPATH_SEARCH_PATHS = "$(inherited) @executable_path/Frameworks @loader_path/Frameworks";
				PRODUCT_BUNDLE_IDENTIFIER = org.rubygarage.AuthorizeMe;
				PRODUCT_NAME = "$(TARGET_NAME)";
				SKIP_INSTALL = YES;
				"SWIFT_INCLUDE_PATHS[sdk=iphoneos*]" = "${SRCROOT}/Cocoapods/iphoneos";
				"SWIFT_INCLUDE_PATHS[sdk=iphonesimulator*]" = "${SRCROOT}/Cocoapods/iphonesimulator";
				SWIFT_VERSION = 4.0;
			};
			name = Debug;
		};
		0B972AA41ED468A5001853CF /* Release */ = {
			isa = XCBuildConfiguration;
			buildSettings = {
				CODE_SIGN_IDENTITY = "";
				DEFINES_MODULE = YES;
				DEVELOPMENT_TEAM = K2WTD52A5C;
				DYLIB_COMPATIBILITY_VERSION = 1;
				DYLIB_CURRENT_VERSION = 1;
				DYLIB_INSTALL_NAME_BASE = "@rpath";
				INFOPLIST_FILE = AuthorizeMe/Info.plist;
				INSTALL_PATH = "$(LOCAL_LIBRARY_DIR)/Frameworks";
				IPHONEOS_DEPLOYMENT_TARGET = 10.0;
				LD_RUNPATH_SEARCH_PATHS = "$(inherited) @executable_path/Frameworks @loader_path/Frameworks";
				PRODUCT_BUNDLE_IDENTIFIER = org.rubygarage.AuthorizeMe;
				PRODUCT_NAME = "$(TARGET_NAME)";
				SKIP_INSTALL = YES;
				"SWIFT_INCLUDE_PATHS[sdk=iphoneos*]" = "${SRCROOT}/Cocoapods/iphoneos";
				"SWIFT_INCLUDE_PATHS[sdk=iphonesimulator*]" = "${SRCROOT}/Cocoapods/iphonesimulator";
				SWIFT_VERSION = 4.0;
			};
			name = Release;
		};
		0B972AA61ED468A5001853CF /* Debug */ = {
			isa = XCBuildConfiguration;
			buildSettings = {
				ALWAYS_EMBED_SWIFT_STANDARD_LIBRARIES = YES;
				DEVELOPMENT_TEAM = K2WTD52A5C;
				INFOPLIST_FILE = AuthorizeMeTests/Info.plist;
				LD_RUNPATH_SEARCH_PATHS = "$(inherited) @executable_path/Frameworks @loader_path/Frameworks";
				PRODUCT_BUNDLE_IDENTIFIER = org.rubygarage.AuthorizeMeTests;
				PRODUCT_NAME = "$(TARGET_NAME)";
				SWIFT_VERSION = 4.0;
			};
			name = Debug;
		};
		0B972AA71ED468A5001853CF /* Release */ = {
			isa = XCBuildConfiguration;
			buildSettings = {
				ALWAYS_EMBED_SWIFT_STANDARD_LIBRARIES = YES;
				DEVELOPMENT_TEAM = K2WTD52A5C;
				INFOPLIST_FILE = AuthorizeMeTests/Info.plist;
				LD_RUNPATH_SEARCH_PATHS = "$(inherited) @executable_path/Frameworks @loader_path/Frameworks";
				PRODUCT_BUNDLE_IDENTIFIER = org.rubygarage.AuthorizeMeTests;
				PRODUCT_NAME = "$(TARGET_NAME)";
				SWIFT_VERSION = 4.0;
			};
			name = Release;
		};
/* End XCBuildConfiguration section */

/* Begin XCConfigurationList section */
		0B972A881ED468A4001853CF /* Build configuration list for PBXProject "AuthorizeMe" */ = {
			isa = XCConfigurationList;
			buildConfigurations = (
				0B972AA01ED468A5001853CF /* Debug */,
				0B972AA11ED468A5001853CF /* Release */,
			);
			defaultConfigurationIsVisible = 0;
			defaultConfigurationName = Release;
		};
		0B972AA21ED468A5001853CF /* Build configuration list for PBXNativeTarget "AuthorizeMe" */ = {
			isa = XCConfigurationList;
			buildConfigurations = (
				0B972AA31ED468A5001853CF /* Debug */,
				0B972AA41ED468A5001853CF /* Release */,
			);
			defaultConfigurationIsVisible = 0;
			defaultConfigurationName = Release;
		};
		0B972AA51ED468A5001853CF /* Build configuration list for PBXNativeTarget "AuthorizeMeTests" */ = {
			isa = XCConfigurationList;
			buildConfigurations = (
				0B972AA61ED468A5001853CF /* Debug */,
				0B972AA71ED468A5001853CF /* Release */,
			);
			defaultConfigurationIsVisible = 0;
			defaultConfigurationName = Release;
		};
/* End XCConfigurationList section */
	};
	rootObject = 0B972A851ED468A4001853CF /* Project object */;
}
