// !$*UTF8*$!
{
	archiveVersion = 1;
	classes = {
	};
	objectVersion = 46;
	objects = {

/* Begin PBXBuildFile section */
		0B7E342D1ED2C58E00E5AE59 /* AppDelegate.swift in Sources */ = {isa = PBXBuildFile; fileRef = 0B7E342C1ED2C58E00E5AE59 /* AppDelegate.swift */; };
		0B7E342F1ED2C58E00E5AE59 /* AuthorizeViewController.swift in Sources */ = {isa = PBXBuildFile; fileRef = 0B7E342E1ED2C58E00E5AE59 /* AuthorizeViewController.swift */; };
		0B7E34321ED2C58E00E5AE59 /* Main.storyboard in Resources */ = {isa = PBXBuildFile; fileRef = 0B7E34301ED2C58E00E5AE59 /* Main.storyboard */; };
		0B7E34341ED2C58E00E5AE59 /* Assets.xcassets in Resources */ = {isa = PBXBuildFile; fileRef = 0B7E34331ED2C58E00E5AE59 /* Assets.xcassets */; };
		0B7E34371ED2C58E00E5AE59 /* LaunchScreen.storyboard in Resources */ = {isa = PBXBuildFile; fileRef = 0B7E34351ED2C58E00E5AE59 /* LaunchScreen.storyboard */; };
		0B972AEB1ED47E68001853CF /* Podfile in Resources */ = {isa = PBXBuildFile; fileRef = 0B972AEA1ED47E68001853CF /* Podfile */; };
		0B972AF31ED48353001853CF /* ProvidersTableViewController.swift in Sources */ = {isa = PBXBuildFile; fileRef = 0B972AF21ED48353001853CF /* ProvidersTableViewController.swift */; };
		0B972AF71ED484D3001853CF /* AlertService.swift in Sources */ = {isa = PBXBuildFile; fileRef = 0B972AF61ED484D3001853CF /* AlertService.swift */; };
		1C2E8B04D2211D17D825B8E1 /* Pods_AuthorizeMeDemo.framework in Frameworks */ = {isa = PBXBuildFile; fileRef = D749597BBD0B66DC8FD5A0BE /* Pods_AuthorizeMeDemo.framework */; };
/* End PBXBuildFile section */

/* Begin PBXFileReference section */
		0B7E34291ED2C58E00E5AE59 /* AuthorizeMeDemo.app */ = {isa = PBXFileReference; explicitFileType = wrapper.application; includeInIndex = 0; path = AuthorizeMeDemo.app; sourceTree = BUILT_PRODUCTS_DIR; };
		0B7E342C1ED2C58E00E5AE59 /* AppDelegate.swift */ = {isa = PBXFileReference; lastKnownFileType = sourcecode.swift; path = AppDelegate.swift; sourceTree = "<group>"; };
		0B7E342E1ED2C58E00E5AE59 /* AuthorizeViewController.swift */ = {isa = PBXFileReference; lastKnownFileType = sourcecode.swift; path = AuthorizeViewController.swift; sourceTree = "<group>"; };
		0B7E34311ED2C58E00E5AE59 /* Base */ = {isa = PBXFileReference; lastKnownFileType = file.storyboard; name = Base; path = Base.lproj/Main.storyboard; sourceTree = "<group>"; };
		0B7E34331ED2C58E00E5AE59 /* Assets.xcassets */ = {isa = PBXFileReference; lastKnownFileType = folder.assetcatalog; path = Assets.xcassets; sourceTree = "<group>"; };
		0B7E34361ED2C58E00E5AE59 /* Base */ = {isa = PBXFileReference; lastKnownFileType = file.storyboard; name = Base; path = Base.lproj/LaunchScreen.storyboard; sourceTree = "<group>"; };
		0B7E34381ED2C58E00E5AE59 /* Info.plist */ = {isa = PBXFileReference; lastKnownFileType = text.plist.xml; path = Info.plist; sourceTree = "<group>"; };
		0B972AEA1ED47E68001853CF /* Podfile */ = {isa = PBXFileReference; fileEncoding = 4; lastKnownFileType = text; path = Podfile; sourceTree = "<group>"; xcLanguageSpecificationIdentifier = xcode.lang.ruby; };
		0B972AF21ED48353001853CF /* ProvidersTableViewController.swift */ = {isa = PBXFileReference; fileEncoding = 4; lastKnownFileType = sourcecode.swift; path = ProvidersTableViewController.swift; sourceTree = "<group>"; };
		0B972AF61ED484D3001853CF /* AlertService.swift */ = {isa = PBXFileReference; fileEncoding = 4; lastKnownFileType = sourcecode.swift; path = AlertService.swift; sourceTree = "<group>"; };
		C7E3BB88979B3EEA4420B84C /* Pods-AuthorizeMeDemo.release.xcconfig */ = {isa = PBXFileReference; includeInIndex = 1; lastKnownFileType = text.xcconfig; name = "Pods-AuthorizeMeDemo.release.xcconfig"; path = "Pods/Target Support Files/Pods-AuthorizeMeDemo/Pods-AuthorizeMeDemo.release.xcconfig"; sourceTree = "<group>"; };
		C9AB0DC88AA5C012148BDF51 /* Pods-AuthorizeMeDemo.debug.xcconfig */ = {isa = PBXFileReference; includeInIndex = 1; lastKnownFileType = text.xcconfig; name = "Pods-AuthorizeMeDemo.debug.xcconfig"; path = "Pods/Target Support Files/Pods-AuthorizeMeDemo/Pods-AuthorizeMeDemo.debug.xcconfig"; sourceTree = "<group>"; };
		D749597BBD0B66DC8FD5A0BE /* Pods_AuthorizeMeDemo.framework */ = {isa = PBXFileReference; explicitFileType = wrapper.framework; includeInIndex = 0; path = Pods_AuthorizeMeDemo.framework; sourceTree = BUILT_PRODUCTS_DIR; };
/* End PBXFileReference section */

/* Begin PBXFrameworksBuildPhase section */
		0B7E34261ED2C58E00E5AE59 /* Frameworks */ = {
			isa = PBXFrameworksBuildPhase;
			buildActionMask = 2147483647;
			files = (
				1C2E8B04D2211D17D825B8E1 /* Pods_AuthorizeMeDemo.framework in Frameworks */,
			);
			runOnlyForDeploymentPostprocessing = 0;
		};
/* End PBXFrameworksBuildPhase section */

/* Begin PBXGroup section */
		0B7E34201ED2C58E00E5AE59 = {
			isa = PBXGroup;
			children = (
				0B972AEA1ED47E68001853CF /* Podfile */,
				0B7E342B1ED2C58E00E5AE59 /* AuthorizeMeDemo */,
				0B7E342A1ED2C58E00E5AE59 /* Products */,
				324DD8FC3D8DFF22883CC389 /* Pods */,
				B7CDE2071706E5BD9D0B46BD /* Frameworks */,
			);
			sourceTree = "<group>";
		};
		0B7E342A1ED2C58E00E5AE59 /* Products */ = {
			isa = PBXGroup;
			children = (
				0B7E34291ED2C58E00E5AE59 /* AuthorizeMeDemo.app */,
			);
			name = Products;
			sourceTree = "<group>";
		};
		0B7E342B1ED2C58E00E5AE59 /* AuthorizeMeDemo */ = {
			isa = PBXGroup;
			children = (
				0B972AEC1ED47FD9001853CF /* Source */,
				0B972AED1ED47FDF001853CF /* Resources */,
			);
			path = AuthorizeMeDemo;
			sourceTree = "<group>";
		};
		0B972AEC1ED47FD9001853CF /* Source */ = {
			isa = PBXGroup;
			children = (
				0B7E342C1ED2C58E00E5AE59 /* AppDelegate.swift */,
				0B972AF41ED484BD001853CF /* Common */,
				0B972AF11ED480FE001853CF /* Controllers */,
			);
			name = Source;
			sourceTree = "<group>";
		};
		0B972AED1ED47FDF001853CF /* Resources */ = {
			isa = PBXGroup;
			children = (
				0B972AEE1ED48064001853CF /* Assets */,
				0B972AEF1ED48097001853CF /* Lists */,
				0B972AF01ED480F6001853CF /* Storyboards */,
			);
			name = Resources;
			sourceTree = "<group>";
		};
		0B972AEE1ED48064001853CF /* Assets */ = {
			isa = PBXGroup;
			children = (
				0B7E34331ED2C58E00E5AE59 /* Assets.xcassets */,
			);
			name = Assets;
			sourceTree = "<group>";
		};
		0B972AEF1ED48097001853CF /* Lists */ = {
			isa = PBXGroup;
			children = (
				0B7E34381ED2C58E00E5AE59 /* Info.plist */,
			);
			name = Lists;
			sourceTree = "<group>";
		};
		0B972AF01ED480F6001853CF /* Storyboards */ = {
			isa = PBXGroup;
			children = (
				0B7E34351ED2C58E00E5AE59 /* LaunchScreen.storyboard */,
				0B7E34301ED2C58E00E5AE59 /* Main.storyboard */,
			);
			name = Storyboards;
			sourceTree = "<group>";
		};
		0B972AF11ED480FE001853CF /* Controllers */ = {
			isa = PBXGroup;
			children = (
				0B7E342E1ED2C58E00E5AE59 /* AuthorizeViewController.swift */,
				0B972AF21ED48353001853CF /* ProvidersTableViewController.swift */,
			);
			name = Controllers;
			sourceTree = "<group>";
		};
		0B972AF41ED484BD001853CF /* Common */ = {
			isa = PBXGroup;
			children = (
				0B972AF51ED484C4001853CF /* Services */,
			);
			name = Common;
			sourceTree = "<group>";
		};
		0B972AF51ED484C4001853CF /* Services */ = {
			isa = PBXGroup;
			children = (
				0B972AF61ED484D3001853CF /* AlertService.swift */,
			);
			name = Services;
			sourceTree = "<group>";
		};
		324DD8FC3D8DFF22883CC389 /* Pods */ = {
			isa = PBXGroup;
			children = (
				C9AB0DC88AA5C012148BDF51 /* Pods-AuthorizeMeDemo.debug.xcconfig */,
				C7E3BB88979B3EEA4420B84C /* Pods-AuthorizeMeDemo.release.xcconfig */,
			);
			name = Pods;
			sourceTree = "<group>";
		};
		B7CDE2071706E5BD9D0B46BD /* Frameworks */ = {
			isa = PBXGroup;
			children = (
				D749597BBD0B66DC8FD5A0BE /* Pods_AuthorizeMeDemo.framework */,
			);
			name = Frameworks;
			sourceTree = "<group>";
		};
/* End PBXGroup section */

/* Begin PBXNativeTarget section */
		0B7E34281ED2C58E00E5AE59 /* AuthorizeMeDemo */ = {
			isa = PBXNativeTarget;
			buildConfigurationList = 0B7E343B1ED2C58E00E5AE59 /* Build configuration list for PBXNativeTarget "AuthorizeMeDemo" */;
			buildPhases = (
				EF29EEABCADCD87C2CB910A5 /* [CP] Check Pods Manifest.lock */,
				0B7E34251ED2C58E00E5AE59 /* Sources */,
				0B7E34261ED2C58E00E5AE59 /* Frameworks */,
				0B7E34271ED2C58E00E5AE59 /* Resources */,
				7ACC7286A9858EF9F03391E0 /* [CP] Embed Pods Frameworks */,
			);
			buildRules = (
			);
			dependencies = (
			);
			name = AuthorizeMeDemo;
			productName = AuthorizeMeDemo;
			productReference = 0B7E34291ED2C58E00E5AE59 /* AuthorizeMeDemo.app */;
			productType = "com.apple.product-type.application";
		};
/* End PBXNativeTarget section */

/* Begin PBXProject section */
		0B7E34211ED2C58E00E5AE59 /* Project object */ = {
			isa = PBXProject;
			attributes = {
				LastSwiftUpdateCheck = 0830;
				LastUpgradeCheck = 0920;
				ORGANIZATIONNAME = RubyGarage;
				TargetAttributes = {
					0B7E34281ED2C58E00E5AE59 = {
						CreatedOnToolsVersion = 8.3.2;
						DevelopmentTeam = K2WTD52A5C;
						ProvisioningStyle = Automatic;
					};
				};
			};
			buildConfigurationList = 0B7E34241ED2C58E00E5AE59 /* Build configuration list for PBXProject "AuthorizeMeDemo" */;
			compatibilityVersion = "Xcode 3.2";
			developmentRegion = English;
			hasScannedForEncodings = 0;
			knownRegions = (
				en,
				Base,
			);
			mainGroup = 0B7E34201ED2C58E00E5AE59;
			productRefGroup = 0B7E342A1ED2C58E00E5AE59 /* Products */;
			projectDirPath = "";
			projectRoot = "";
			targets = (
				0B7E34281ED2C58E00E5AE59 /* AuthorizeMeDemo */,
			);
		};
/* End PBXProject section */

/* Begin PBXResourcesBuildPhase section */
		0B7E34271ED2C58E00E5AE59 /* Resources */ = {
			isa = PBXResourcesBuildPhase;
			buildActionMask = 2147483647;
			files = (
				0B7E34371ED2C58E00E5AE59 /* LaunchScreen.storyboard in Resources */,
				0B7E34341ED2C58E00E5AE59 /* Assets.xcassets in Resources */,
				0B972AEB1ED47E68001853CF /* Podfile in Resources */,
				0B7E34321ED2C58E00E5AE59 /* Main.storyboard in Resources */,
			);
			runOnlyForDeploymentPostprocessing = 0;
		};
/* End PBXResourcesBuildPhase section */

/* Begin PBXShellScriptBuildPhase section */
		7ACC7286A9858EF9F03391E0 /* [CP] Embed Pods Frameworks */ = {
			isa = PBXShellScriptBuildPhase;
			buildActionMask = 2147483647;
			files = (
			);
			inputPaths = (
				"${SRCROOT}/Pods/Target Support Files/Pods-AuthorizeMeDemo/Pods-AuthorizeMeDemo-frameworks.sh",
				"${BUILT_PRODUCTS_DIR}/AuthorizeMe/AuthorizeMe.framework",
			);
			name = "[CP] Embed Pods Frameworks";
			outputPaths = (
				"${TARGET_BUILD_DIR}/${FRAMEWORKS_FOLDER_PATH}/AuthorizeMe.framework",
			);
			runOnlyForDeploymentPostprocessing = 0;
			shellPath = /bin/sh;
			shellScript = "\"${SRCROOT}/Pods/Target Support Files/Pods-AuthorizeMeDemo/Pods-AuthorizeMeDemo-frameworks.sh\"\n";
			showEnvVarsInLog = 0;
		};
		EF29EEABCADCD87C2CB910A5 /* [CP] Check Pods Manifest.lock */ = {
			isa = PBXShellScriptBuildPhase;
			buildActionMask = 2147483647;
			files = (
			);
			inputPaths = (
				"${PODS_PODFILE_DIR_PATH}/Podfile.lock",
				"${PODS_ROOT}/Manifest.lock",
			);
			name = "[CP] Check Pods Manifest.lock";
			outputPaths = (
				"$(DERIVED_FILE_DIR)/Pods-AuthorizeMeDemo-checkManifestLockResult.txt",
			);
			runOnlyForDeploymentPostprocessing = 0;
			shellPath = /bin/sh;
			shellScript = "diff \"${PODS_PODFILE_DIR_PATH}/Podfile.lock\" \"${PODS_ROOT}/Manifest.lock\" > /dev/null\nif [ $? != 0 ] ; then\n    # print error to STDERR\n    echo \"error: The sandbox is not in sync with the Podfile.lock. Run 'pod install' or update your CocoaPods installation.\" >&2\n    exit 1\nfi\n# This output is used by Xcode 'outputs' to avoid re-running this script phase.\necho \"SUCCESS\" > \"${SCRIPT_OUTPUT_FILE_0}\"\n";
			showEnvVarsInLog = 0;
		};
/* End PBXShellScriptBuildPhase section */

/* Begin PBXSourcesBuildPhase section */
		0B7E34251ED2C58E00E5AE59 /* Sources */ = {
			isa = PBXSourcesBuildPhase;
			buildActionMask = 2147483647;
			files = (
				0B972AF31ED48353001853CF /* ProvidersTableViewController.swift in Sources */,
				0B7E342F1ED2C58E00E5AE59 /* AuthorizeViewController.swift in Sources */,
				0B972AF71ED484D3001853CF /* AlertService.swift in Sources */,
				0B7E342D1ED2C58E00E5AE59 /* AppDelegate.swift in Sources */,
			);
			runOnlyForDeploymentPostprocessing = 0;
		};
/* End PBXSourcesBuildPhase section */

/* Begin PBXVariantGroup section */
		0B7E34301ED2C58E00E5AE59 /* Main.storyboard */ = {
			isa = PBXVariantGroup;
			children = (
				0B7E34311ED2C58E00E5AE59 /* Base */,
			);
			name = Main.storyboard;
			sourceTree = "<group>";
		};
		0B7E34351ED2C58E00E5AE59 /* LaunchScreen.storyboard */ = {
			isa = PBXVariantGroup;
			children = (
				0B7E34361ED2C58E00E5AE59 /* Base */,
			);
			name = LaunchScreen.storyboard;
			sourceTree = "<group>";
		};
/* End PBXVariantGroup section */

/* Begin XCBuildConfiguration section */
		0B7E34391ED2C58E00E5AE59 /* Debug */ = {
			isa = XCBuildConfiguration;
			buildSettings = {
				ALWAYS_SEARCH_USER_PATHS = NO;
				CLANG_ANALYZER_NONNULL = YES;
				CLANG_ANALYZER_NUMBER_OBJECT_CONVERSION = YES_AGGRESSIVE;
				CLANG_CXX_LANGUAGE_STANDARD = "gnu++0x";
				CLANG_CXX_LIBRARY = "libc++";
				CLANG_ENABLE_MODULES = YES;
				CLANG_ENABLE_OBJC_ARC = YES;
				CLANG_WARN_BLOCK_CAPTURE_AUTORELEASING = YES;
				CLANG_WARN_BOOL_CONVERSION = YES;
				CLANG_WARN_COMMA = YES;
				CLANG_WARN_CONSTANT_CONVERSION = YES;
				CLANG_WARN_DIRECT_OBJC_ISA_USAGE = YES_ERROR;
				CLANG_WARN_DOCUMENTATION_COMMENTS = YES;
				CLANG_WARN_EMPTY_BODY = YES;
				CLANG_WARN_ENUM_CONVERSION = YES;
				CLANG_WARN_INFINITE_RECURSION = YES;
				CLANG_WARN_INT_CONVERSION = YES;
				CLANG_WARN_NON_LITERAL_NULL_CONVERSION = YES;
				CLANG_WARN_OBJC_LITERAL_CONVERSION = YES;
				CLANG_WARN_OBJC_ROOT_CLASS = YES_ERROR;
				CLANG_WARN_RANGE_LOOP_ANALYSIS = YES;
				CLANG_WARN_STRICT_PROTOTYPES = YES;
				CLANG_WARN_SUSPICIOUS_MOVE = YES;
				CLANG_WARN_UNREACHABLE_CODE = YES;
				CLANG_WARN__DUPLICATE_METHOD_MATCH = YES;
				"CODE_SIGN_IDENTITY[sdk=iphoneos*]" = "iPhone Developer";
				COPY_PHASE_STRIP = NO;
				DEBUG_INFORMATION_FORMAT = dwarf;
				ENABLE_STRICT_OBJC_MSGSEND = YES;
				ENABLE_TESTABILITY = YES;
				GCC_C_LANGUAGE_STANDARD = gnu99;
				GCC_DYNAMIC_NO_PIC = NO;
				GCC_NO_COMMON_BLOCKS = YES;
				GCC_OPTIMIZATION_LEVEL = 0;
				GCC_PREPROCESSOR_DEFINITIONS = (
					"DEBUG=1",
					"$(inherited)",
				);
				GCC_WARN_64_TO_32_BIT_CONVERSION = YES;
				GCC_WARN_ABOUT_RETURN_TYPE = YES_ERROR;
				GCC_WARN_UNDECLARED_SELECTOR = YES;
				GCC_WARN_UNINITIALIZED_AUTOS = YES_AGGRESSIVE;
				GCC_WARN_UNUSED_FUNCTION = YES;
				GCC_WARN_UNUSED_VARIABLE = YES;
				IPHONEOS_DEPLOYMENT_TARGET = 10.0;
				MTL_ENABLE_DEBUG_INFO = YES;
				ONLY_ACTIVE_ARCH = YES;
				SDKROOT = iphoneos;
				SWIFT_ACTIVE_COMPILATION_CONDITIONS = DEBUG;
				SWIFT_OPTIMIZATION_LEVEL = "-Onone";
			};
			name = Debug;
		};
		0B7E343A1ED2C58E00E5AE59 /* Release */ = {
			isa = XCBuildConfiguration;
			buildSettings = {
				ALWAYS_SEARCH_USER_PATHS = NO;
				CLANG_ANALYZER_NONNULL = YES;
				CLANG_ANALYZER_NUMBER_OBJECT_CONVERSION = YES_AGGRESSIVE;
				CLANG_CXX_LANGUAGE_STANDARD = "gnu++0x";
				CLANG_CXX_LIBRARY = "libc++";
				CLANG_ENABLE_MODULES = YES;
				CLANG_ENABLE_OBJC_ARC = YES;
				CLANG_WARN_BLOCK_CAPTURE_AUTORELEASING = YES;
				CLANG_WARN_BOOL_CONVERSION = YES;
				CLANG_WARN_COMMA = YES;
				CLANG_WARN_CONSTANT_CONVERSION = YES;
				CLANG_WARN_DIRECT_OBJC_ISA_USAGE = YES_ERROR;
				CLANG_WARN_DOCUMENTATION_COMMENTS = YES;
				CLANG_WARN_EMPTY_BODY = YES;
				CLANG_WARN_ENUM_CONVERSION = YES;
				CLANG_WARN_INFINITE_RECURSION = YES;
				CLANG_WARN_INT_CONVERSION = YES;
				CLANG_WARN_NON_LITERAL_NULL_CONVERSION = YES;
				CLANG_WARN_OBJC_LITERAL_CONVERSION = YES;
				CLANG_WARN_OBJC_ROOT_CLASS = YES_ERROR;
				CLANG_WARN_RANGE_LOOP_ANALYSIS = YES;
				CLANG_WARN_STRICT_PROTOTYPES = YES;
				CLANG_WARN_SUSPICIOUS_MOVE = YES;
				CLANG_WARN_UNREACHABLE_CODE = YES;
				CLANG_WARN__DUPLICATE_METHOD_MATCH = YES;
				"CODE_SIGN_IDENTITY[sdk=iphoneos*]" = "iPhone Developer";
				COPY_PHASE_STRIP = NO;
				DEBUG_INFORMATION_FORMAT = "dwarf-with-dsym";
				ENABLE_NS_ASSERTIONS = NO;
				ENABLE_STRICT_OBJC_MSGSEND = YES;
				GCC_C_LANGUAGE_STANDARD = gnu99;
				GCC_NO_COMMON_BLOCKS = YES;
				GCC_WARN_64_TO_32_BIT_CONVERSION = YES;
				GCC_WARN_ABOUT_RETURN_TYPE = YES_ERROR;
				GCC_WARN_UNDECLARED_SELECTOR = YES;
				GCC_WARN_UNINITIALIZED_AUTOS = YES_AGGRESSIVE;
				GCC_WARN_UNUSED_FUNCTION = YES;
				GCC_WARN_UNUSED_VARIABLE = YES;
				IPHONEOS_DEPLOYMENT_TARGET = 10.0;
				MTL_ENABLE_DEBUG_INFO = NO;
				SDKROOT = iphoneos;
				SWIFT_OPTIMIZATION_LEVEL = "-Owholemodule";
				VALIDATE_PRODUCT = YES;
			};
			name = Release;
		};
		0B7E343C1ED2C58E00E5AE59 /* Debug */ = {
			isa = XCBuildConfiguration;
			baseConfigurationReference = C9AB0DC88AA5C012148BDF51 /* Pods-AuthorizeMeDemo.debug.xcconfig */;
			buildSettings = {
				ASSETCATALOG_COMPILER_APPICON_NAME = AppIcon;
				DEVELOPMENT_TEAM = K2WTD52A5C;
				INFOPLIST_FILE = AuthorizeMeDemo/Info.plist;
				IPHONEOS_DEPLOYMENT_TARGET = 10.0;
				LD_RUNPATH_SEARCH_PATHS = "$(inherited) @executable_path/Frameworks";
				PRODUCT_BUNDLE_IDENTIFIER = org.rubygarage.AuthorizeMeDemo;
				PRODUCT_NAME = "$(TARGET_NAME)";
				SWIFT_VERSION = 4.0;
			};
			name = Debug;
		};
		0B7E343D1ED2C58E00E5AE59 /* Release */ = {
			isa = XCBuildConfiguration;
			baseConfigurationReference = C7E3BB88979B3EEA4420B84C /* Pods-AuthorizeMeDemo.release.xcconfig */;
			buildSettings = {
				ASSETCATALOG_COMPILER_APPICON_NAME = AppIcon;
				DEVELOPMENT_TEAM = K2WTD52A5C;
				INFOPLIST_FILE = AuthorizeMeDemo/Info.plist;
				IPHONEOS_DEPLOYMENT_TARGET = 10.0;
				LD_RUNPATH_SEARCH_PATHS = "$(inherited) @executable_path/Frameworks";
				PRODUCT_BUNDLE_IDENTIFIER = org.rubygarage.AuthorizeMeDemo;
				PRODUCT_NAME = "$(TARGET_NAME)";
				SWIFT_VERSION = 4.0;
			};
			name = Release;
		};
/* End XCBuildConfiguration section */

/* Begin XCConfigurationList section */
		0B7E34241ED2C58E00E5AE59 /* Build configuration list for PBXProject "AuthorizeMeDemo" */ = {
			isa = XCConfigurationList;
			buildConfigurations = (
				0B7E34391ED2C58E00E5AE59 /* Debug */,
				0B7E343A1ED2C58E00E5AE59 /* Release */,
			);
			defaultConfigurationIsVisible = 0;
			defaultConfigurationName = Release;
		};
		0B7E343B1ED2C58E00E5AE59 /* Build configuration list for PBXNativeTarget "AuthorizeMeDemo" */ = {
			isa = XCConfigurationList;
			buildConfigurations = (
				0B7E343C1ED2C58E00E5AE59 /* Debug */,
				0B7E343D1ED2C58E00E5AE59 /* Release */,
			);
			defaultConfigurationIsVisible = 0;
			defaultConfigurationName = Release;
		};
/* End XCConfigurationList section */
	};
	rootObject = 0B7E34211ED2C58E00E5AE59 /* Project object */;
}
