PODS:
  - AuthorizeMe (1.2.2):
    - AuthorizeMe/Core (= 1.2.2)
    - AuthorizeMe/Facebook (= 1.2.2)
    - AuthorizeMe/Google (= 1.2.2)
    - AuthorizeMe/Instagram (= 1.2.2)
    - AuthorizeMe/LinkedIn (= 1.2.2)
    - AuthorizeMe/Twitter (= 1.2.2)
  - AuthorizeMe/Core (1.2.2)
  - AuthorizeMe/Facebook (1.2.2):
    - AuthorizeMe/Core
  - AuthorizeMe/Google (1.2.2):
    - AuthorizeMe/Core
  - AuthorizeMe/Instagram (1.2.2):
    - AuthorizeMe/Core
  - AuthorizeMe/LinkedIn (1.2.2):
    - AuthorizeMe/Core
  - AuthorizeMe/Twitter (1.2.2):
    - AuthorizeMe/Core

DEPENDENCIES:
  - AuthorizeMe (from `../..`)

EXTERNAL SOURCES:
  AuthorizeMe:
    :path: "../.."

SPEC CHECKSUMS:
  AuthorizeMe: fd444e923d6a8fc3af27c05a24bad6226604400f

PODFILE CHECKSUM: 4f73bbe9e04a11f8488efbdc2237ae5f295a933f

COCOAPODS: 1.6.1
